
Microsoft Visual Studio Solution File, Format Version 12.00
# Visual Studio Version 16
VisualStudioVersion = 16.0.29911.84
MinimumVisualStudioVersion = 10.0.40219.1
Project("{FAE04EC0-301F-11D3-BF4B-00C04F79EFBC}") = "Xadrez-console", "Xadrez-console\Xadrez-console.csproj", "{9C7C1FA3-A65D-4AC6-A93C-A3AD0307947E}"
EndProject
Global
	GlobalSection(SolutionConfigurationPlatforms) = preSolution
		Debug|Any CPU = Debug|Any CPU
		Release|Any CPU = Release|Any CPU
	EndGlobalSection
	GlobalSection(ProjectConfigurationPlatforms) = postSolution
		{9C7C1FA3-A65D-4AC6-A93C-A3AD0307947E}.Debug|Any CPU.ActiveCfg = Debug|Any CPU
		{9C7C1FA3-A65D-4AC6-A93C-A3AD0307947E}.Debug|Any CPU.Build.0 = Debug|Any CPU
		{9C7C1FA3-A65D-4AC6-A93C-A3AD0307947E}.Release|Any CPU.ActiveCfg = Release|Any CPU
		{9C7C1FA3-A65D-4AC6-A93C-A3AD0307947E}.Release|Any CPU.Build.0 = Release|Any CPU
	EndGlobalSection
	GlobalSection(SolutionProperties) = preSolution
		HideSolutionNode = FALSE
	EndGlobalSection
	GlobalSection(ExtensibilityGlobals) = postSolution
		SolutionGuid = {111FC666-FED9-4E17-8552-5C6A4D9ECDFA}
	EndGlobalSection
EndGlobal
